
Microsoft Visual Studio Solution File, Format Version 12.00
# Visual Studio Version 17
VisualStudioVersion = 17.5.33424.131
MinimumVisualStudioVersion = 10.0.40219.1
Project("{FAE04EC0-301F-11D3-BF4B-00C04F79EFBC}") = "MagicVilla_VillaAPI", "MagicVilla_VillaAPI\MagicVilla_VillaAPI.csproj", "{16E1747F-269E-443A-9286-F01E1D1AA31D}"
EndProject
Global
	GlobalSection(SolutionConfigurationPlatforms) = preSolution
		Debug|Any CPU = Debug|Any CPU
		Release|Any CPU = Release|Any CPU
	EndGlobalSection
	GlobalSection(ProjectConfigurationPlatforms) = postSolution
		{16E1747F-269E-443A-9286-F01E1D1AA31D}.Debug|Any CPU.ActiveCfg = Debug|Any CPU
		{16E1747F-269E-443A-9286-F01E1D1AA31D}.Debug|Any CPU.Build.0 = Debug|Any CPU
		{16E1747F-269E-443A-9286-F01E1D1AA31D}.Release|Any CPU.ActiveCfg = Release|Any CPU
		{16E1747F-269E-443A-9286-F01E1D1AA31D}.Release|Any CPU.Build.0 = Release|Any CPU
	EndGlobalSection
	GlobalSection(SolutionProperties) = preSolution
		HideSolutionNode = FALSE
	EndGlobalSection
	GlobalSection(ExtensibilityGlobals) = postSolution
		SolutionGuid = {1C683508-A14C-4E28-981A-9304190D492C}
	EndGlobalSection
EndGlobal
